
Microsoft Visual Studio Solution File, Format Version 12.00
# Visual Studio Version 17
VisualStudioVersion = 17.7.34009.444
MinimumVisualStudioVersion = 10.0.40219.1
Project("{9A19103F-16F7-4668-BE54-9A1E7A4F7556}") = "AccountService", "AccountService\AccountService.csproj", "{790D17F2-6A10-447F-9619-7ECABA70784C}"
EndProject
Project("{9A19103F-16F7-4668-BE54-9A1E7A4F7556}") = "CharacterService", "CharacterService\CharacterService.csproj", "{A2FEFB7C-DEE6-4E05-BBB6-470120CC5E71}"
EndProject
Project("{9A19103F-16F7-4668-BE54-9A1E7A4F7556}") = "CombatService", "CombatService\CombatService.csproj", "{CFA769C0-181D-40B0-A25B-C3BCEC38C735}"
EndProject
Project("{E53339B2-1760-4266-BCC7-CA923CBCF16C}") = "docker-compose", "docker-compose.dcproj", "{97460DA6-3B21-44BB-9BB7-EF2067AECA23}"
EndProject
Project("{9A19103F-16F7-4668-BE54-9A1E7A4F7556}") = "SharingModels", "SharingModels\SharingModels.csproj", "{36E4EC76-16A5-4E79-B541-CD3A5BCED5EB}"
EndProject
Project("{9A19103F-16F7-4668-BE54-9A1E7A4F7556}") = "RabbitMQHelper", "RabbitMQHelper\RabbitMQHelper.csproj", "{2D6F73F4-C352-4687-AEB7-F8B0721BEC2A}"
EndProject
Project("{9A19103F-16F7-4668-BE54-9A1E7A4F7556}") = "RedisHelper", "RedisHelper\RedisHelper.csproj", "{F9CEF39C-4128-4CCC-BFFF-F14DA481700A}"
EndProject
Global
	GlobalSection(SolutionConfigurationPlatforms) = preSolution
		Debug|Any CPU = Debug|Any CPU
		Release|Any CPU = Release|Any CPU
	EndGlobalSection
	GlobalSection(ProjectConfigurationPlatforms) = postSolution
		{790D17F2-6A10-447F-9619-7ECABA70784C}.Debug|Any CPU.ActiveCfg = Debug|Any CPU
		{790D17F2-6A10-447F-9619-7ECABA70784C}.Debug|Any CPU.Build.0 = Debug|Any CPU
		{790D17F2-6A10-447F-9619-7ECABA70784C}.Release|Any CPU.ActiveCfg = Release|Any CPU
		{790D17F2-6A10-447F-9619-7ECABA70784C}.Release|Any CPU.Build.0 = Release|Any CPU
		{A2FEFB7C-DEE6-4E05-BBB6-470120CC5E71}.Debug|Any CPU.ActiveCfg = Debug|Any CPU
		{A2FEFB7C-DEE6-4E05-BBB6-470120CC5E71}.Debug|Any CPU.Build.0 = Debug|Any CPU
		{A2FEFB7C-DEE6-4E05-BBB6-470120CC5E71}.Release|Any CPU.ActiveCfg = Release|Any CPU
		{A2FEFB7C-DEE6-4E05-BBB6-470120CC5E71}.Release|Any CPU.Build.0 = Release|Any CPU
		{CFA769C0-181D-40B0-A25B-C3BCEC38C735}.Debug|Any CPU.ActiveCfg = Debug|Any CPU
		{CFA769C0-181D-40B0-A25B-C3BCEC38C735}.Debug|Any CPU.Build.0 = Debug|Any CPU
		{CFA769C0-181D-40B0-A25B-C3BCEC38C735}.Release|Any CPU.ActiveCfg = Release|Any CPU
		{CFA769C0-181D-40B0-A25B-C3BCEC38C735}.Release|Any CPU.Build.0 = Release|Any CPU
		{97460DA6-3B21-44BB-9BB7-EF2067AECA23}.Debug|Any CPU.ActiveCfg = Debug|Any CPU
		{97460DA6-3B21-44BB-9BB7-EF2067AECA23}.Debug|Any CPU.Build.0 = Debug|Any CPU
		{97460DA6-3B21-44BB-9BB7-EF2067AECA23}.Release|Any CPU.ActiveCfg = Release|Any CPU
		{97460DA6-3B21-44BB-9BB7-EF2067AECA23}.Release|Any CPU.Build.0 = Release|Any CPU
		{36E4EC76-16A5-4E79-B541-CD3A5BCED5EB}.Debug|Any CPU.ActiveCfg = Debug|Any CPU
		{36E4EC76-16A5-4E79-B541-CD3A5BCED5EB}.Debug|Any CPU.Build.0 = Debug|Any CPU
		{36E4EC76-16A5-4E79-B541-CD3A5BCED5EB}.Release|Any CPU.ActiveCfg = Release|Any CPU
		{36E4EC76-16A5-4E79-B541-CD3A5BCED5EB}.Release|Any CPU.Build.0 = Release|Any CPU
		{2D6F73F4-C352-4687-AEB7-F8B0721BEC2A}.Debug|Any CPU.ActiveCfg = Debug|Any CPU
		{2D6F73F4-C352-4687-AEB7-F8B0721BEC2A}.Debug|Any CPU.Build.0 = Debug|Any CPU
		{2D6F73F4-C352-4687-AEB7-F8B0721BEC2A}.Release|Any CPU.ActiveCfg = Release|Any CPU
		{2D6F73F4-C352-4687-AEB7-F8B0721BEC2A}.Release|Any CPU.Build.0 = Release|Any CPU
		{F9CEF39C-4128-4CCC-BFFF-F14DA481700A}.Debug|Any CPU.ActiveCfg = Debug|Any CPU
		{F9CEF39C-4128-4CCC-BFFF-F14DA481700A}.Debug|Any CPU.Build.0 = Debug|Any CPU
		{F9CEF39C-4128-4CCC-BFFF-F14DA481700A}.Release|Any CPU.ActiveCfg = Release|Any CPU
		{F9CEF39C-4128-4CCC-BFFF-F14DA481700A}.Release|Any CPU.Build.0 = Release|Any CPU
	EndGlobalSection
	GlobalSection(SolutionProperties) = preSolution
		HideSolutionNode = FALSE
	EndGlobalSection
	GlobalSection(ExtensibilityGlobals) = postSolution
		SolutionGuid = {F7E2066D-5215-47D1-BA5C-902FE50318B0}
	EndGlobalSection
EndGlobal
